
Microsoft Visual Studio Solution File, Format Version 12.00
# Visual Studio Version 17
VisualStudioVersion = 17.11.35303.130
MinimumVisualStudioVersion = 10.0.40219.1
Project("{FAE04EC0-301F-11D3-BF4B-00C04F79EFBC}") = "SumaRestaOProducto", "SumaRestaOProducto\SumaRestaOProducto.csproj", "{FBA07B1A-AB93-4699-AAAA-EB8BE0763379}"
EndProject
Project("{FAE04EC0-301F-11D3-BF4B-00C04F79EFBC}") = "promedioAcalcular", "promedioAcalcular\promedioAcalcular.csproj", "{9F06C83F-808A-461B-9390-2857CFB09E17}"
EndProject
Project("{FAE04EC0-301F-11D3-BF4B-00C04F79EFBC}") = "calcularNivelPostulante", "calcularNivelPostulante\calcularNivelPostulante.csproj", "{C7183B7B-85A7-4845-AD74-2B0BF2659327}"
EndProject
Global
	GlobalSection(SolutionConfigurationPlatforms) = preSolution
		Debug|Any CPU = Debug|Any CPU
		Release|Any CPU = Release|Any CPU
	EndGlobalSection
	GlobalSection(ProjectConfigurationPlatforms) = postSolution
		{FBA07B1A-AB93-4699-AAAA-EB8BE0763379}.Debug|Any CPU.ActiveCfg = Debug|Any CPU
		{FBA07B1A-AB93-4699-AAAA-EB8BE0763379}.Debug|Any CPU.Build.0 = Debug|Any CPU
		{FBA07B1A-AB93-4699-AAAA-EB8BE0763379}.Release|Any CPU.ActiveCfg = Release|Any CPU
		{FBA07B1A-AB93-4699-AAAA-EB8BE0763379}.Release|Any CPU.Build.0 = Release|Any CPU
		{9F06C83F-808A-461B-9390-2857CFB09E17}.Debug|Any CPU.ActiveCfg = Debug|Any CPU
		{9F06C83F-808A-461B-9390-2857CFB09E17}.Debug|Any CPU.Build.0 = Debug|Any CPU
		{9F06C83F-808A-461B-9390-2857CFB09E17}.Release|Any CPU.ActiveCfg = Release|Any CPU
		{9F06C83F-808A-461B-9390-2857CFB09E17}.Release|Any CPU.Build.0 = Release|Any CPU
		{C7183B7B-85A7-4845-AD74-2B0BF2659327}.Debug|Any CPU.ActiveCfg = Debug|Any CPU
		{C7183B7B-85A7-4845-AD74-2B0BF2659327}.Debug|Any CPU.Build.0 = Debug|Any CPU
		{C7183B7B-85A7-4845-AD74-2B0BF2659327}.Release|Any CPU.ActiveCfg = Release|Any CPU
		{C7183B7B-85A7-4845-AD74-2B0BF2659327}.Release|Any CPU.Build.0 = Release|Any CPU
	EndGlobalSection
	GlobalSection(SolutionProperties) = preSolution
		HideSolutionNode = FALSE
	EndGlobalSection
	GlobalSection(ExtensibilityGlobals) = postSolution
		SolutionGuid = {D831553A-F6A2-462D-8D71-18B0B77429DB}
	EndGlobalSection
EndGlobal
